
Microsoft Visual Studio Solution File, Format Version 12.00
# Visual Studio Version 17
VisualStudioVersion = 17.9.34728.123
MinimumVisualStudioVersion = 10.0.40219.1
Project("{FAE04EC0-301F-11D3-BF4B-00C04F79EFBC}") = "Robot", "Robot.csproj", "{3DB750E6-A835-4ADC-AE7E-5C23638481D0}"
EndProject
Global
	GlobalSection(SolutionConfigurationPlatforms) = preSolution
		Debug|Any CPU = Debug|Any CPU
		Release|Any CPU = Release|Any CPU
	EndGlobalSection
	GlobalSection(ProjectConfigurationPlatforms) = postSolution
		{3DB750E6-A835-4ADC-AE7E-5C23638481D0}.Debug|Any CPU.ActiveCfg = Debug|Any CPU
		{3DB750E6-A835-4ADC-AE7E-5C23638481D0}.Debug|Any CPU.Build.0 = Debug|Any CPU
		{3DB750E6-A835-4ADC-AE7E-5C23638481D0}.Release|Any CPU.ActiveCfg = Release|Any CPU
		{3DB750E6-A835-4ADC-AE7E-5C23638481D0}.Release|Any CPU.Build.0 = Release|Any CPU
	EndGlobalSection
	GlobalSection(SolutionProperties) = preSolution
		HideSolutionNode = FALSE
	EndGlobalSection
	GlobalSection(ExtensibilityGlobals) = postSolution
		SolutionGuid = {5A724E25-6233-43F6-8324-47FEFFDAB718}
	EndGlobalSection
EndGlobal
